
Microsoft Visual Studio Solution File, Format Version 12.00
# Visual Studio Version 17
VisualStudioVersion = 17.0.31903.59
MinimumVisualStudioVersion = 10.0.40219.1
Project("{2150E333-8FDC-42A3-9474-1A3956D46DE8}") = "src", "src", "{404FBD70-DFB8-4194-A624-39F209091930}"
EndProject
Project("{FAE04EC0-301F-11D3-BF4B-00C04F79EFBC}") = "CaYaTrace.Core", "src\CaYaTrace.Core\CaYaTrace.Core.csproj", "{4C9E67CD-0D79-46A3-8608-CFF553B86D60}"
EndProject
Project("{FAE04EC0-301F-11D3-BF4B-00C04F79EFBC}") = "CaYaTrace.Storage", "src\CaYaTrace.Storage\CaYaTrace.Storage.csproj", "{BE86B8D7-02A9-45D8-9126-78A321250726}"
EndProject
Project("{FAE04EC0-301F-11D3-BF4B-00C04F79EFBC}") = "CaYaTrace.Collectors", "src\CaYaTrace.Collectors\CaYaTrace.Collectors.csproj", "{963A6F39-2643-4D19-BF1F-EFB9969B1677}"
EndProject
Project("{FAE04EC0-301F-11D3-BF4B-00C04F79EFBC}") = "CaYaTrace.Analysis", "src\CaYaTrace.Analysis\CaYaTrace.Analysis.csproj", "{CF08237E-3F6F-4985-BE2B-29A437D2D499}"
EndProject
Project("{FAE04EC0-301F-11D3-BF4B-00C04F79EFBC}") = "CaYaTrace.Remediation", "src\CaYaTrace.Remediation\CaYaTrace.Remediation.csproj", "{C8D81D8D-E359-4F71-A37A-BE6732780D7F}"
EndProject
Project("{FAE04EC0-301F-11D3-BF4B-00C04F79EFBC}") = "CaYaTrace.Fleet", "src\CaYaTrace.Fleet\CaYaTrace.Fleet.csproj", "{9AEC5EA2-05F4-4B5A-B71A-3D97357F1925}"
EndProject
Project("{FAE04EC0-301F-11D3-BF4B-00C04F79EFBC}") = "CaYaTrace.Export", "src\CaYaTrace.Export\CaYaTrace.Export.csproj", "{BE48D877-3B93-4166-B914-559BBFBA4FCE}"
EndProject
Project("{FAE04EC0-301F-11D3-BF4B-00C04F79EFBC}") = "CaYaTrace.App", "src\CaYaTrace.App\CaYaTrace.App.csproj", "{F9BA44FF-D2F8-43BD-B026-C7EC276BE3B3}"
EndProject
Project("{2150E333-8FDC-42A3-9474-1A3956D46DE8}") = "tests", "tests", "{8CE082ED-6885-4944-A6F2-07D3681DE117}"
EndProject
Project("{FAE04EC0-301F-11D3-BF4B-00C04F79EFBC}") = "CaYaTrace.Tests", "tests\CaYaTrace.Tests\CaYaTrace.Tests.csproj", "{CBEEB942-F33C-4261-B70F-94E94B9685EC}"
EndProject
Global
	GlobalSection(SolutionConfigurationPlatforms) = preSolution
		Debug|Any CPU = Debug|Any CPU
		Release|Any CPU = Release|Any CPU
	EndGlobalSection
	GlobalSection(SolutionProperties) = preSolution
		HideSolutionNode = FALSE
	EndGlobalSection
	GlobalSection(ProjectConfigurationPlatforms) = postSolution
		{4C9E67CD-0D79-46A3-8608-CFF553B86D60}.Debug|Any CPU.ActiveCfg = Debug|x64
		{4C9E67CD-0D79-46A3-8608-CFF553B86D60}.Debug|Any CPU.Build.0 = Debug|x64
		{4C9E67CD-0D79-46A3-8608-CFF553B86D60}.Release|Any CPU.ActiveCfg = Release|x64
		{4C9E67CD-0D79-46A3-8608-CFF553B86D60}.Release|Any CPU.Build.0 = Release|x64
		{BE86B8D7-02A9-45D8-9126-78A321250726}.Debug|Any CPU.ActiveCfg = Debug|x64
		{BE86B8D7-02A9-45D8-9126-78A321250726}.Debug|Any CPU.Build.0 = Debug|x64
		{BE86B8D7-02A9-45D8-9126-78A321250726}.Release|Any CPU.ActiveCfg = Release|x64
		{BE86B8D7-02A9-45D8-9126-78A321250726}.Release|Any CPU.Build.0 = Release|x64
		{963A6F39-2643-4D19-BF1F-EFB9969B1677}.Debug|Any CPU.ActiveCfg = Debug|x64
		{963A6F39-2643-4D19-BF1F-EFB9969B1677}.Debug|Any CPU.Build.0 = Debug|x64
		{963A6F39-2643-4D19-BF1F-EFB9969B1677}.Release|Any CPU.ActiveCfg = Release|x64
		{963A6F39-2643-4D19-BF1F-EFB9969B1677}.Release|Any CPU.Build.0 = Release|x64
		{CF08237E-3F6F-4985-BE2B-29A437D2D499}.Debug|Any CPU.ActiveCfg = Debug|x64
		{CF08237E-3F6F-4985-BE2B-29A437D2D499}.Debug|Any CPU.Build.0 = Debug|x64
		{CF08237E-3F6F-4985-BE2B-29A437D2D499}.Release|Any CPU.ActiveCfg = Release|x64
		{CF08237E-3F6F-4985-BE2B-29A437D2D499}.Release|Any CPU.Build.0 = Release|x64
		{C8D81D8D-E359-4F71-A37A-BE6732780D7F}.Debug|Any CPU.ActiveCfg = Debug|x64
		{C8D81D8D-E359-4F71-A37A-BE6732780D7F}.Debug|Any CPU.Build.0 = Debug|x64
		{C8D81D8D-E359-4F71-A37A-BE6732780D7F}.Release|Any CPU.ActiveCfg = Release|x64
		{C8D81D8D-E359-4F71-A37A-BE6732780D7F}.Release|Any CPU.Build.0 = Release|x64
		{9AEC5EA2-05F4-4B5A-B71A-3D97357F1925}.Debug|Any CPU.ActiveCfg = Debug|x64
		{9AEC5EA2-05F4-4B5A-B71A-3D97357F1925}.Debug|Any CPU.Build.0 = Debug|x64
		{9AEC5EA2-05F4-4B5A-B71A-3D97357F1925}.Release|Any CPU.ActiveCfg = Release|x64
		{9AEC5EA2-05F4-4B5A-B71A-3D97357F1925}.Release|Any CPU.Build.0 = Release|x64
		{BE48D877-3B93-4166-B914-559BBFBA4FCE}.Debug|Any CPU.ActiveCfg = Debug|x64
		{BE48D877-3B93-4166-B914-559BBFBA4FCE}.Debug|Any CPU.Build.0 = Debug|x64
		{BE48D877-3B93-4166-B914-559BBFBA4FCE}.Release|Any CPU.ActiveCfg = Release|x64
		{BE48D877-3B93-4166-B914-559BBFBA4FCE}.Release|Any CPU.Build.0 = Release|x64
		{F9BA44FF-D2F8-43BD-B026-C7EC276BE3B3}.Debug|Any CPU.ActiveCfg = Debug|x64
		{F9BA44FF-D2F8-43BD-B026-C7EC276BE3B3}.Debug|Any CPU.Build.0 = Debug|x64
		{F9BA44FF-D2F8-43BD-B026-C7EC276BE3B3}.Release|Any CPU.ActiveCfg = Release|x64
		{F9BA44FF-D2F8-43BD-B026-C7EC276BE3B3}.Release|Any CPU.Build.0 = Release|x64
		{CBEEB942-F33C-4261-B70F-94E94B9685EC}.Debug|Any CPU.ActiveCfg = Debug|x64
		{CBEEB942-F33C-4261-B70F-94E94B9685EC}.Debug|Any CPU.Build.0 = Debug|x64
		{CBEEB942-F33C-4261-B70F-94E94B9685EC}.Release|Any CPU.ActiveCfg = Release|x64
		{CBEEB942-F33C-4261-B70F-94E94B9685EC}.Release|Any CPU.Build.0 = Release|x64
	EndGlobalSection
	GlobalSection(NestedProjects) = preSolution
		{4C9E67CD-0D79-46A3-8608-CFF553B86D60} = {404FBD70-DFB8-4194-A624-39F209091930}
		{BE86B8D7-02A9-45D8-9126-78A321250726} = {404FBD70-DFB8-4194-A624-39F209091930}
		{963A6F39-2643-4D19-BF1F-EFB9969B1677} = {404FBD70-DFB8-4194-A624-39F209091930}
		{CF08237E-3F6F-4985-BE2B-29A437D2D499} = {404FBD70-DFB8-4194-A624-39F209091930}
		{C8D81D8D-E359-4F71-A37A-BE6732780D7F} = {404FBD70-DFB8-4194-A624-39F209091930}
		{9AEC5EA2-05F4-4B5A-B71A-3D97357F1925} = {404FBD70-DFB8-4194-A624-39F209091930}
		{BE48D877-3B93-4166-B914-559BBFBA4FCE} = {404FBD70-DFB8-4194-A624-39F209091930}
		{F9BA44FF-D2F8-43BD-B026-C7EC276BE3B3} = {404FBD70-DFB8-4194-A624-39F209091930}
		{CBEEB942-F33C-4261-B70F-94E94B9685EC} = {8CE082ED-6885-4944-A6F2-07D3681DE117}
	EndGlobalSection
EndGlobal
